
Microsoft Visual Studio Solution File, Format Version 12.00
# Visual Studio 2012
Project("{FAE04EC0-301F-11D3-BF4B-00C04F79EFBC}") = "LicensedBundler", "LicensedBundler\LicensedBundler.csproj", "{51935E08-D4F2-4262-9279-1DD721663E7D}"
EndProject
Global
	GlobalSection(SolutionConfigurationPlatforms) = preSolution
		Debug|Any CPU = Debug|Any CPU
		Release|Any CPU = Release|Any CPU
	EndGlobalSection
	GlobalSection(ProjectConfigurationPlatforms) = postSolution
		{51935E08-D4F2-4262-9279-1DD721663E7D}.Debug|Any CPU.ActiveCfg = Debug|Any CPU
		{51935E08-D4F2-4262-9279-1DD721663E7D}.Debug|Any CPU.Build.0 = Debug|Any CPU
		{51935E08-D4F2-4262-9279-1DD721663E7D}.Release|Any CPU.ActiveCfg = Release|Any CPU
		{51935E08-D4F2-4262-9279-1DD721663E7D}.Release|Any CPU.Build.0 = Release|Any CPU
	EndGlobalSection
	GlobalSection(SolutionProperties) = preSolution
		HideSolutionNode = FALSE
	EndGlobalSection
EndGlobal
